
Microsoft Visual Studio Solution File, Format Version 12.00
# Visual Studio Version 17
VisualStudioVersion = 17.0.31903.59
MinimumVisualStudioVersion = 10.0.40219.1
Project("{2150E333-8FDC-42A3-9474-1A3956D46DE8}") = "src", "src", "{827E0CD3-B72D-47B6-A68D-7590B98EB39B}"
EndProject
Project("{FAE04EC0-301F-11D3-BF4B-00C04F79EFBC}") = "TT_PPID_CS.Domain", "src\TT_PPID_CS.Domain\TT_PPID_CS.Domain.csproj", "{CAED6A77-6EF6-4B8D-8A7D-9B72219A347B}"
EndProject
Project("{FAE04EC0-301F-11D3-BF4B-00C04F79EFBC}") = "TT_PPID_CS.Application", "src\TT_PPID_CS.Application\TT_PPID_CS.Application.csproj", "{1A9F97F7-160F-409C-8F4D-17F0683EC1AF}"
EndProject
Project("{FAE04EC0-301F-11D3-BF4B-00C04F79EFBC}") = "TT_PPID_CS.Infrastructure", "src\TT_PPID_CS.Infrastructure\TT_PPID_CS.Infrastructure.csproj", "{0887076C-A4D4-47D7-9B03-756E1F4D2DA9}"
EndProject
Project("{FAE04EC0-301F-11D3-BF4B-00C04F79EFBC}") = "TT_PPID_CS.UI", "src\TT_PPID_CS.UI\TT_PPID_CS.UI.csproj", "{8674EC89-80CD-45FE-B1BD-5B60B537D672}"
EndProject
Global
	GlobalSection(SolutionConfigurationPlatforms) = preSolution
		Debug|Any CPU = Debug|Any CPU
		Debug|x64 = Debug|x64
		Debug|x86 = Debug|x86
		Release|Any CPU = Release|Any CPU
		Release|x64 = Release|x64
		Release|x86 = Release|x86
	EndGlobalSection
	GlobalSection(ProjectConfigurationPlatforms) = postSolution
		{CAED6A77-6EF6-4B8D-8A7D-9B72219A347B}.Debug|Any CPU.ActiveCfg = Debug|Any CPU
		{CAED6A77-6EF6-4B8D-8A7D-9B72219A347B}.Debug|Any CPU.Build.0 = Debug|Any CPU
		{CAED6A77-6EF6-4B8D-8A7D-9B72219A347B}.Debug|x64.ActiveCfg = Debug|Any CPU
		{CAED6A77-6EF6-4B8D-8A7D-9B72219A347B}.Debug|x64.Build.0 = Debug|Any CPU
		{CAED6A77-6EF6-4B8D-8A7D-9B72219A347B}.Debug|x86.ActiveCfg = Debug|Any CPU
		{CAED6A77-6EF6-4B8D-8A7D-9B72219A347B}.Debug|x86.Build.0 = Debug|Any CPU
		{CAED6A77-6EF6-4B8D-8A7D-9B72219A347B}.Release|Any CPU.ActiveCfg = Release|Any CPU
		{CAED6A77-6EF6-4B8D-8A7D-9B72219A347B}.Release|Any CPU.Build.0 = Release|Any CPU
		{CAED6A77-6EF6-4B8D-8A7D-9B72219A347B}.Release|x64.ActiveCfg = Release|Any CPU
		{CAED6A77-6EF6-4B8D-8A7D-9B72219A347B}.Release|x64.Build.0 = Release|Any CPU
		{CAED6A77-6EF6-4B8D-8A7D-9B72219A347B}.Release|x86.ActiveCfg = Release|Any CPU
		{CAED6A77-6EF6-4B8D-8A7D-9B72219A347B}.Release|x86.Build.0 = Release|Any CPU
		{1A9F97F7-160F-409C-8F4D-17F0683EC1AF}.Debug|Any CPU.ActiveCfg = Debug|Any CPU
		{1A9F97F7-160F-409C-8F4D-17F0683EC1AF}.Debug|Any CPU.Build.0 = Debug|Any CPU
		{1A9F97F7-160F-409C-8F4D-17F0683EC1AF}.Debug|x64.ActiveCfg = Debug|Any CPU
		{1A9F97F7-160F-409C-8F4D-17F0683EC1AF}.Debug|x64.Build.0 = Debug|Any CPU
		{1A9F97F7-160F-409C-8F4D-17F0683EC1AF}.Debug|x86.ActiveCfg = Debug|Any CPU
		{1A9F97F7-160F-409C-8F4D-17F0683EC1AF}.Debug|x86.Build.0 = Debug|Any CPU
		{1A9F97F7-160F-409C-8F4D-17F0683EC1AF}.Release|Any CPU.ActiveCfg = Release|Any CPU
		{1A9F97F7-160F-409C-8F4D-17F0683EC1AF}.Release|Any CPU.Build.0 = Release|Any CPU
		{1A9F97F7-160F-409C-8F4D-17F0683EC1AF}.Release|x64.ActiveCfg = Release|Any CPU
		{1A9F97F7-160F-409C-8F4D-17F0683EC1AF}.Release|x64.Build.0 = Release|Any CPU
		{1A9F97F7-160F-409C-8F4D-17F0683EC1AF}.Release|x86.ActiveCfg = Release|Any CPU
		{1A9F97F7-160F-409C-8F4D-17F0683EC1AF}.Release|x86.Build.0 = Release|Any CPU
		{0887076C-A4D4-47D7-9B03-756E1F4D2DA9}.Debug|Any CPU.ActiveCfg = Debug|Any CPU
		{0887076C-A4D4-47D7-9B03-756E1F4D2DA9}.Debug|Any CPU.Build.0 = Debug|Any CPU
		{0887076C-A4D4-47D7-9B03-756E1F4D2DA9}.Debug|x64.ActiveCfg = Debug|Any CPU
		{0887076C-A4D4-47D7-9B03-756E1F4D2DA9}.Debug|x64.Build.0 = Debug|Any CPU
		{0887076C-A4D4-47D7-9B03-756E1F4D2DA9}.Debug|x86.ActiveCfg = Debug|Any CPU
		{0887076C-A4D4-47D7-9B03-756E1F4D2DA9}.Debug|x86.Build.0 = Debug|Any CPU
		{0887076C-A4D4-47D7-9B03-756E1F4D2DA9}.Release|Any CPU.ActiveCfg = Release|Any CPU
		{0887076C-A4D4-47D7-9B03-756E1F4D2DA9}.Release|Any CPU.Build.0 = Release|Any CPU
		{0887076C-A4D4-47D7-9B03-756E1F4D2DA9}.Release|x64.ActiveCfg = Release|Any CPU
		{0887076C-A4D4-47D7-9B03-756E1F4D2DA9}.Release|x64.Build.0 = Release|Any CPU
		{0887076C-A4D4-47D7-9B03-756E1F4D2DA9}.Release|x86.ActiveCfg = Release|Any CPU
		{0887076C-A4D4-47D7-9B03-756E1F4D2DA9}.Release|x86.Build.0 = Release|Any CPU
		{8674EC89-80CD-45FE-B1BD-5B60B537D672}.Debug|Any CPU.ActiveCfg = Debug|Any CPU
		{8674EC89-80CD-45FE-B1BD-5B60B537D672}.Debug|Any CPU.Build.0 = Debug|Any CPU
		{8674EC89-80CD-45FE-B1BD-5B60B537D672}.Debug|x64.ActiveCfg = Debug|Any CPU
		{8674EC89-80CD-45FE-B1BD-5B60B537D672}.Debug|x64.Build.0 = Debug|Any CPU
		{8674EC89-80CD-45FE-B1BD-5B60B537D672}.Debug|x86.ActiveCfg = Debug|Any CPU
		{8674EC89-80CD-45FE-B1BD-5B60B537D672}.Debug|x86.Build.0 = Debug|Any CPU
		{8674EC89-80CD-45FE-B1BD-5B60B537D672}.Release|Any CPU.ActiveCfg = Release|Any CPU
		{8674EC89-80CD-45FE-B1BD-5B60B537D672}.Release|Any CPU.Build.0 = Release|Any CPU
		{8674EC89-80CD-45FE-B1BD-5B60B537D672}.Release|x64.ActiveCfg = Release|Any CPU
		{8674EC89-80CD-45FE-B1BD-5B60B537D672}.Release|x64.Build.0 = Release|Any CPU
		{8674EC89-80CD-45FE-B1BD-5B60B537D672}.Release|x86.ActiveCfg = Release|Any CPU
		{8674EC89-80CD-45FE-B1BD-5B60B537D672}.Release|x86.Build.0 = Release|Any CPU
	EndGlobalSection
	GlobalSection(SolutionProperties) = preSolution
		HideSolutionNode = FALSE
	EndGlobalSection
	GlobalSection(NestedProjects) = preSolution
		{CAED6A77-6EF6-4B8D-8A7D-9B72219A347B} = {827E0CD3-B72D-47B6-A68D-7590B98EB39B}
		{1A9F97F7-160F-409C-8F4D-17F0683EC1AF} = {827E0CD3-B72D-47B6-A68D-7590B98EB39B}
		{0887076C-A4D4-47D7-9B03-756E1F4D2DA9} = {827E0CD3-B72D-47B6-A68D-7590B98EB39B}
		{8674EC89-80CD-45FE-B1BD-5B60B537D672} = {827E0CD3-B72D-47B6-A68D-7590B98EB39B}
	EndGlobalSection
EndGlobal
